// !$*UTF8*$!
{
	archiveVersion = 1;
	classes = {
	};
	objectVersion = 56;
	objects = {

/* Begin PBXBuildFile section */
		EB5E42492B3561110081A96A /* AppDelegate.swift in Sources */ = {isa = PBXBuildFile; fileRef = EB5E42482B3561110081A96A /* AppDelegate.swift */; };
		EB5E424B2B3561110081A96A /* SceneDelegate.swift in Sources */ = {isa = PBXBuildFile; fileRef = EB5E424A2B3561110081A96A /* SceneDelegate.swift */; };
		EB5E424D2B3561110081A96A /* ViewController.swift in Sources */ = {isa = PBXBuildFile; fileRef = EB5E424C2B3561110081A96A /* ViewController.swift */; };
		EB5E42502B3561110081A96A /* Main.storyboard in Resources */ = {isa = PBXBuildFile; fileRef = EB5E424E2B3561110081A96A /* Main.storyboard */; };
		EB5E42522B3561120081A96A /* Assets.xcassets in Resources */ = {isa = PBXBuildFile; fileRef = EB5E42512B3561120081A96A /* Assets.xcassets */; };
		EB5E42552B3561120081A96A /* LaunchScreen.storyboard in Resources */ = {isa = PBXBuildFile; fileRef = EB5E42532B3561120081A96A /* LaunchScreen.storyboard */; };
		EB5E42602B3561120081A96A /* hardTests.swift in Sources */ = {isa = PBXBuildFile; fileRef = EB5E425F2B3561120081A96A /* hardTests.swift */; };
		EB5E426A2B3561120081A96A /* hardUITests.swift in Sources */ = {isa = PBXBuildFile; fileRef = EB5E42692B3561120081A96A /* hardUITests.swift */; };
		EB5E426C2B3561120081A96A /* hardUITestsLaunchTests.swift in Sources */ = {isa = PBXBuildFile; fileRef = EB5E426B2B3561120081A96A /* hardUITestsLaunchTests.swift */; };
/* End PBXBuildFile section */

/* Begin PBXContainerItemProxy section */
		EB5E425C2B3561120081A96A /* PBXContainerItemProxy */ = {
			isa = PBXContainerItemProxy;
			containerPortal = EB5E423D2B3561110081A96A /* Project object */;
			proxyType = 1;
			remoteGlobalIDString = EB5E42442B3561110081A96A;
			remoteInfo = hard;
		};
		EB5E42662B3561120081A96A /* PBXContainerItemProxy */ = {
			isa = PBXContainerItemProxy;
			containerPortal = EB5E423D2B3561110081A96A /* Project object */;
			proxyType = 1;
			remoteGlobalIDString = EB5E42442B3561110081A96A;
			remoteInfo = hard;
		};
/* End PBXContainerItemProxy section */

/* Begin PBXFileReference section */
		EB5E42452B3561110081A96A /* hard.app */ = {isa = PBXFileReference; explicitFileType = wrapper.application; includeInIndex = 0; path = hard.app; sourceTree = BUILT_PRODUCTS_DIR; };
		EB5E42482B3561110081A96A /* AppDelegate.swift */ = {isa = PBXFileReference; lastKnownFileType = sourcecode.swift; path = AppDelegate.swift; sourceTree = "<group>"; };
		EB5E424A2B3561110081A96A /* SceneDelegate.swift */ = {isa = PBXFileReference; lastKnownFileType = sourcecode.swift; path = SceneDelegate.swift; sourceTree = "<group>"; };
		EB5E424C2B3561110081A96A /* ViewController.swift */ = {isa = PBXFileReference; lastKnownFileType = sourcecode.swift; path = ViewController.swift; sourceTree = "<group>"; };
		EB5E424F2B3561110081A96A /* Base */ = {isa = PBXFileReference; lastKnownFileType = file.storyboard; name = Base; path = Base.lproj/Main.storyboard; sourceTree = "<group>"; };
		EB5E42512B3561120081A96A /* Assets.xcassets */ = {isa = PBXFileReference; lastKnownFileType = folder.assetcatalog; path = Assets.xcassets; sourceTree = "<group>"; };
		EB5E42542B3561120081A96A /* Base */ = {isa = PBXFileReference; lastKnownFileType = file.storyboard; name = Base; path = Base.lproj/LaunchScreen.storyboard; sourceTree = "<group>"; };
		EB5E42562B3561120081A96A /* Info.plist */ = {isa = PBXFileReference; lastKnownFileType = text.plist.xml; path = Info.plist; sourceTree = "<group>"; };
		EB5E425B2B3561120081A96A /* hardTests.xctest */ = {isa = PBXFileReference; explicitFileType = wrapper.cfbundle; includeInIndex = 0; path = hardTests.xctest; sourceTree = BUILT_PRODUCTS_DIR; };
		EB5E425F2B3561120081A96A /* hardTests.swift */ = {isa = PBXFileReference; lastKnownFileType = sourcecode.swift; path = hardTests.swift; sourceTree = "<group>"; };
		EB5E42652B3561120081A96A /* hardUITests.xctest */ = {isa = PBXFileReference; explicitFileType = wrapper.cfbundle; includeInIndex = 0; path = hardUITests.xctest; sourceTree = BUILT_PRODUCTS_DIR; };
		EB5E42692B3561120081A96A /* hardUITests.swift */ = {isa = PBXFileReference; lastKnownFileType = sourcecode.swift; path = hardUITests.swift; sourceTree = "<group>"; };
		EB5E426B2B3561120081A96A /* hardUITestsLaunchTests.swift */ = {isa = PBXFileReference; lastKnownFileType = sourcecode.swift; path = hardUITestsLaunchTests.swift; sourceTree = "<group>"; };
/* End PBXFileReference section */

/* Begin PBXFrameworksBuildPhase section */
		EB5E42422B3561110081A96A /* Frameworks */ = {
			isa = PBXFrameworksBuildPhase;
			buildActionMask = 2147483647;
			files = (
			);
			runOnlyForDeploymentPostprocessing = 0;
		};
		EB5E42582B3561120081A96A /* Frameworks */ = {
			isa = PBXFrameworksBuildPhase;
			buildActionMask = 2147483647;
			files = (
			);
			runOnlyForDeploymentPostprocessing = 0;
		};
		EB5E42622B3561120081A96A /* Frameworks */ = {
			isa = PBXFrameworksBuildPhase;
			buildActionMask = 2147483647;
			files = (
			);
			runOnlyForDeploymentPostprocessing = 0;
		};
/* End PBXFrameworksBuildPhase section */

/* Begin PBXGroup section */
		EB5E423C2B3561110081A96A = {
			isa = PBXGroup;
			children = (
				EB5E42472B3561110081A96A /* hard */,
				EB5E425E2B3561120081A96A /* hardTests */,
				EB5E42682B3561120081A96A /* hardUITests */,
				EB5E42462B3561110081A96A /* Products */,
			);
			sourceTree = "<group>";
		};
		EB5E42462B3561110081A96A /* Products */ = {
			isa = PBXGroup;
			children = (
				EB5E42452B3561110081A96A /* hard.app */,
				EB5E425B2B3561120081A96A /* hardTests.xctest */,
				EB5E42652B3561120081A96A /* hardUITests.xctest */,
			);
			name = Products;
			sourceTree = "<group>";
		};
		EB5E42472B3561110081A96A /* hard */ = {
			isa = PBXGroup;
			children = (
				EB5E42482B3561110081A96A /* AppDelegate.swift */,
				EB5E424A2B3561110081A96A /* SceneDelegate.swift */,
				EB5E424C2B3561110081A96A /* ViewController.swift */,
				EB5E424E2B3561110081A96A /* Main.storyboard */,
				EB5E42512B3561120081A96A /* Assets.xcassets */,
				EB5E42532B3561120081A96A /* LaunchScreen.storyboard */,
				EB5E42562B3561120081A96A /* Info.plist */,
			);
			path = hard;
			sourceTree = "<group>";
		};
		EB5E425E2B3561120081A96A /* hardTests */ = {
			isa = PBXGroup;
			children = (
				EB5E425F2B3561120081A96A /* hardTests.swift */,
			);
			path = hardTests;
			sourceTree = "<group>";
		};
		EB5E42682B3561120081A96A /* hardUITests */ = {
			isa = PBXGroup;
			children = (
				EB5E42692B3561120081A96A /* hardUITests.swift */,
				EB5E426B2B3561120081A96A /* hardUITestsLaunchTests.swift */,
			);
			path = hardUITests;
			sourceTree = "<group>";
		};
/* End PBXGroup section */

/* Begin PBXNativeTarget section */
		EB5E42442B3561110081A96A /* hard */ = {
			isa = PBXNativeTarget;
			buildConfigurationList = EB5E426F2B3561120081A96A /* Build configuration list for PBXNativeTarget "hard" */;
			buildPhases = (
				EB5E42412B3561110081A96A /* Sources */,
				EB5E42422B3561110081A96A /* Frameworks */,
				EB5E42432B3561110081A96A /* Resources */,
			);
			buildRules = (
			);
			dependencies = (
			);
			name = hard;
			productName = hard;
			productReference = EB5E42452B3561110081A96A /* hard.app */;
			productType = "com.apple.product-type.application";
		};
		EB5E425A2B3561120081A96A /* hardTests */ = {
			isa = PBXNativeTarget;
			buildConfigurationList = EB5E42722B3561120081A96A /* Build configuration list for PBXNativeTarget "hardTests" */;
			buildPhases = (
				EB5E42572B3561120081A96A /* Sources */,
				EB5E42582B3561120081A96A /* Frameworks */,
				EB5E42592B3561120081A96A /* Resources */,
			);
			buildRules = (
			);
			dependencies = (
				EB5E425D2B3561120081A96A /* PBXTargetDependency */,
			);
			name = hardTests;
			productName = hardTests;
			productReference = EB5E425B2B3561120081A96A /* hardTests.xctest */;
			productType = "com.apple.product-type.bundle.unit-test";
		};
		EB5E42642B3561120081A96A /* hardUITests */ = {
			isa = PBXNativeTarget;
			buildConfigurationList = EB5E42752B3561120081A96A /* Build configuration list for PBXNativeTarget "hardUITests" */;
			buildPhases = (
				EB5E42612B3561120081A96A /* Sources */,
				EB5E42622B3561120081A96A /* Frameworks */,
				EB5E42632B3561120081A96A /* Resources */,
			);
			buildRules = (
			);
			dependencies = (
				EB5E42672B3561120081A96A /* PBXTargetDependency */,
			);
			name = hardUITests;
			productName = hardUITests;
			productReference = EB5E42652B3561120081A96A /* hardUITests.xctest */;
			productType = "com.apple.product-type.bundle.ui-testing";
		};
/* End PBXNativeTarget section */

/* Begin PBXProject section */
		EB5E423D2B3561110081A96A /* Project object */ = {
			isa = PBXProject;
			attributes = {
				BuildIndependentTargetsInParallel = 1;
				LastSwiftUpdateCheck = 1500;
				LastUpgradeCheck = 1500;
				TargetAttributes = {
					EB5E42442B3561110081A96A = {
						CreatedOnToolsVersion = 15.0.1;
					};
					EB5E425A2B3561120081A96A = {
						CreatedOnToolsVersion = 15.0.1;
						TestTargetID = EB5E42442B3561110081A96A;
					};
					EB5E42642B3561120081A96A = {
						CreatedOnToolsVersion = 15.0.1;
						TestTargetID = EB5E42442B3561110081A96A;
					};
				};
			};
			buildConfigurationList = EB5E42402B3561110081A96A /* Build configuration list for PBXProject "hard" */;
			compatibilityVersion = "Xcode 14.0";
			developmentRegion = en;
			hasScannedForEncodings = 0;
			knownRegions = (
				en,
				Base,
			);
			mainGroup = EB5E423C2B3561110081A96A;
			productRefGroup = EB5E42462B3561110081A96A /* Products */;
			projectDirPath = "";
			projectRoot = "";
			targets = (
				EB5E42442B3561110081A96A /* hard */,
				EB5E425A2B3561120081A96A /* hardTests */,
				EB5E42642B3561120081A96A /* hardUITests */,
			);
		};
/* End PBXProject section */

/* Begin PBXResourcesBuildPhase section */
		EB5E42432B3561110081A96A /* Resources */ = {
			isa = PBXResourcesBuildPhase;
			buildActionMask = 2147483647;
			files = (
				EB5E42552B3561120081A96A /* LaunchScreen.storyboard in Resources */,
				EB5E42522B3561120081A96A /* Assets.xcassets in Resources */,
				EB5E42502B3561110081A96A /* Main.storyboard in Resources */,
			);
			runOnlyForDeploymentPostprocessing = 0;
		};
		EB5E42592B3561120081A96A /* Resources */ = {
			isa = PBXResourcesBuildPhase;
			buildActionMask = 2147483647;
			files = (
			);
			runOnlyForDeploymentPostprocessing = 0;
		};
		EB5E42632B3561120081A96A /* Resources */ = {
			isa = PBXResourcesBuildPhase;
			buildActionMask = 2147483647;
			files = (
			);
			runOnlyForDeploymentPostprocessing = 0;
		};
/* End PBXResourcesBuildPhase section */

/* Begin PBXSourcesBuildPhase section */
		EB5E42412B3561110081A96A /* Sources */ = {
			isa = PBXSourcesBuildPhase;
			buildActionMask = 2147483647;
			files = (
				EB5E424D2B3561110081A96A /* ViewController.swift in Sources */,
				EB5E42492B3561110081A96A /* AppDelegate.swift in Sources */,
				EB5E424B2B3561110081A96A /* SceneDelegate.swift in Sources */,
			);
			runOnlyForDeploymentPostprocessing = 0;
		};
		EB5E42572B3561120081A96A /* Sources */ = {
			isa = PBXSourcesBuildPhase;
			buildActionMask = 2147483647;
			files = (
				EB5E42602B3561120081A96A /* hardTests.swift in Sources */,
			);
			runOnlyForDeploymentPostprocessing = 0;
		};
		EB5E42612B3561120081A96A /* Sources */ = {
			isa = PBXSourcesBuildPhase;
			buildActionMask = 2147483647;
			files = (
				EB5E426A2B3561120081A96A /* hardUITests.swift in Sources */,
				EB5E426C2B3561120081A96A /* hardUITestsLaunchTests.swift in Sources */,
			);
			runOnlyForDeploymentPostprocessing = 0;
		};
/* End PBXSourcesBuildPhase section */

/* Begin PBXTargetDependency section */
		EB5E425D2B3561120081A96A /* PBXTargetDependency */ = {
			isa = PBXTargetDependency;
			target = EB5E42442B3561110081A96A /* hard */;
			targetProxy = EB5E425C2B3561120081A96A /* PBXContainerItemProxy */;
		};
		EB5E42672B3561120081A96A /* PBXTargetDependency */ = {
			isa = PBXTargetDependency;
			target = EB5E42442B3561110081A96A /* hard */;
			targetProxy = EB5E42662B3561120081A96A /* PBXContainerItemProxy */;
		};
/* End PBXTargetDependency section */

/* Begin PBXVariantGroup section */
		EB5E424E2B3561110081A96A /* Main.storyboard */ = {
			isa = PBXVariantGroup;
			children = (
				EB5E424F2B3561110081A96A /* Base */,
			);
			name = Main.storyboard;
			sourceTree = "<group>";
		};
		EB5E42532B3561120081A96A /* LaunchScreen.storyboard */ = {
			isa = PBXVariantGroup;
			children = (
				EB5E42542B3561120081A96A /* Base */,
			);
			name = LaunchScreen.storyboard;
			sourceTree = "<group>";
		};
/* End PBXVariantGroup section */

/* Begin XCBuildConfiguration section */
		EB5E426D2B3561120081A96A /* Debug */ = {
			isa = XCBuildConfiguration;
			buildSettings = {
				ALWAYS_SEARCH_USER_PATHS = NO;
				ASSETCATALOG_COMPILER_GENERATE_SWIFT_ASSET_SYMBOL_EXTENSIONS = YES;
				CLANG_ANALYZER_NONNULL = YES;
				CLANG_ANALYZER_NUMBER_OBJECT_CONVERSION = YES_AGGRESSIVE;
				CLANG_CXX_LANGUAGE_STANDARD = "gnu++20";
				CLANG_ENABLE_MODULES = YES;
				CLANG_ENABLE_OBJC_ARC = YES;
				CLANG_ENABLE_OBJC_WEAK = YES;
				CLANG_WARN_BLOCK_CAPTURE_AUTORELEASING = YES;
				CLANG_WARN_BOOL_CONVERSION = YES;
				CLANG_WARN_COMMA = YES;
				CLANG_WARN_CONSTANT_CONVERSION = YES;
				CLANG_WARN_DEPRECATED_OBJC_IMPLEMENTATIONS = YES;
				CLANG_WARN_DIRECT_OBJC_ISA_USAGE = YES_ERROR;
				CLANG_WARN_DOCUMENTATION_COMMENTS = YES;
				CLANG_WARN_EMPTY_BODY = YES;
				CLANG_WARN_ENUM_CONVERSION = YES;
				CLANG_WARN_INFINITE_RECURSION = YES;
				CLANG_WARN_INT_CONVERSION = YES;
				CLANG_WARN_NON_LITERAL_NULL_CONVERSION = YES;
				CLANG_WARN_OBJC_IMPLICIT_RETAIN_SELF = YES;
				CLANG_WARN_OBJC_LITERAL_CONVERSION = YES;
				CLANG_WARN_OBJC_ROOT_CLASS = YES_ERROR;
				CLANG_WARN_QUOTED_INCLUDE_IN_FRAMEWORK_HEADER = YES;
				CLANG_WARN_RANGE_LOOP_ANALYSIS = YES;
				CLANG_WARN_STRICT_PROTOTYPES = YES;
				CLANG_WARN_SUSPICIOUS_MOVE = YES;
				CLANG_WARN_UNGUARDED_AVAILABILITY = YES_AGGRESSIVE;
				CLANG_WARN_UNREACHABLE_CODE = YES;
				CLANG_WARN__DUPLICATE_METHOD_MATCH = YES;
				COPY_PHASE_STRIP = NO;
				DEBUG_INFORMATION_FORMAT = dwarf;
				ENABLE_STRICT_OBJC_MSGSEND = YES;
				ENABLE_TESTABILITY = YES;
				ENABLE_USER_SCRIPT_SANDBOXING = YES;
				GCC_C_LANGUAGE_STANDARD = gnu17;
				GCC_DYNAMIC_NO_PIC = NO;
				GCC_NO_COMMON_BLOCKS = YES;
				GCC_OPTIMIZATION_LEVEL = 0;
				GCC_PREPROCESSOR_DEFINITIONS = (
					"DEBUG=1",
					"$(inherited)",
				);
				GCC_WARN_64_TO_32_BIT_CONVERSION = YES;
				GCC_WARN_ABOUT_RETURN_TYPE = YES_ERROR;
				GCC_WARN_UNDECLARED_SELECTOR = YES;
				GCC_WARN_UNINITIALIZED_AUTOS = YES_AGGRESSIVE;
				GCC_WARN_UNUSED_FUNCTION = YES;
				GCC_WARN_UNUSED_VARIABLE = YES;
				IPHONEOS_DEPLOYMENT_TARGET = 17.0;
				LOCALIZATION_PREFERS_STRING_CATALOGS = YES;
				MTL_ENABLE_DEBUG_INFO = INCLUDE_SOURCE;
				MTL_FAST_MATH = YES;
				ONLY_ACTIVE_ARCH = YES;
				SDKROOT = iphoneos;
				SWIFT_ACTIVE_COMPILATION_CONDITIONS = "DEBUG $(inherited)";
				SWIFT_OPTIMIZATION_LEVEL = "-Onone";
			};
			name = Debug;
		};
		EB5E426E2B3561120081A96A /* Release */ = {
			isa = XCBuildConfiguration;
			buildSettings = {
				ALWAYS_SEARCH_USER_PATHS = NO;
				ASSETCATALOG_COMPILER_GENERATE_SWIFT_ASSET_SYMBOL_EXTENSIONS = YES;
				CLANG_ANALYZER_NONNULL = YES;
				CLANG_ANALYZER_NUMBER_OBJECT_CONVERSION = YES_AGGRESSIVE;
				CLANG_CXX_LANGUAGE_STANDARD = "gnu++20";
				CLANG_ENABLE_MODULES = YES;
				CLANG_ENABLE_OBJC_ARC = YES;
				CLANG_ENABLE_OBJC_WEAK = YES;
				CLANG_WARN_BLOCK_CAPTURE_AUTORELEASING = YES;
				CLANG_WARN_BOOL_CONVERSION = YES;
				CLANG_WARN_COMMA = YES;
				CLANG_WARN_CONSTANT_CONVERSION = YES;
				CLANG_WARN_DEPRECATED_OBJC_IMPLEMENTATIONS = YES;
				CLANG_WARN_DIRECT_OBJC_ISA_USAGE = YES_ERROR;
				CLANG_WARN_DOCUMENTATION_COMMENTS = YES;
				CLANG_WARN_EMPTY_BODY = YES;
				CLANG_WARN_ENUM_CONVERSION = YES;
				CLANG_WARN_INFINITE_RECURSION = YES;
				CLANG_WARN_INT_CONVERSION = YES;
				CLANG_WARN_NON_LITERAL_NULL_CONVERSION = YES;
				CLANG_WARN_OBJC_IMPLICIT_RETAIN_SELF = YES;
				CLANG_WARN_OBJC_LITERAL_CONVERSION = YES;
				CLANG_WARN_OBJC_ROOT_CLASS = YES_ERROR;
				CLANG_WARN_QUOTED_INCLUDE_IN_FRAMEWORK_HEADER = YES;
				CLANG_WARN_RANGE_LOOP_ANALYSIS = YES;
				CLANG_WARN_STRICT_PROTOTYPES = YES;
				CLANG_WARN_SUSPICIOUS_MOVE = YES;
				CLANG_WARN_UNGUARDED_AVAILABILITY = YES_AGGRESSIVE;
				CLANG_WARN_UNREACHABLE_CODE = YES;
				CLANG_WARN__DUPLICATE_METHOD_MATCH = YES;
				COPY_PHASE_STRIP = NO;
				DEBUG_INFORMATION_FORMAT = "dwarf-with-dsym";
				ENABLE_NS_ASSERTIONS = NO;
				ENABLE_STRICT_OBJC_MSGSEND = YES;
				ENABLE_USER_SCRIPT_SANDBOXING = YES;
				GCC_C_LANGUAGE_STANDARD = gnu17;
				GCC_NO_COMMON_BLOCKS = YES;
				GCC_WARN_64_TO_32_BIT_CONVERSION = YES;
				GCC_WARN_ABOUT_RETURN_TYPE = YES_ERROR;
				GCC_WARN_UNDECLARED_SELECTOR = YES;
				GCC_WARN_UNINITIALIZED_AUTOS = YES_AGGRESSIVE;
				GCC_WARN_UNUSED_FUNCTION = YES;
				GCC_WARN_UNUSED_VARIABLE = YES;
				IPHONEOS_DEPLOYMENT_TARGET = 17.0;
				LOCALIZATION_PREFERS_STRING_CATALOGS = YES;
				MTL_ENABLE_DEBUG_INFO = NO;
				MTL_FAST_MATH = YES;
				SDKROOT = iphoneos;
				SWIFT_COMPILATION_MODE = wholemodule;
				VALIDATE_PRODUCT = YES;
			};
			name = Release;
		};
		EB5E42702B3561120081A96A /* Debug */ = {
			isa = XCBuildConfiguration;
			buildSettings = {
				ASSETCATALOG_COMPILER_APPICON_NAME = AppIcon;
				ASSETCATALOG_COMPILER_GLOBAL_ACCENT_COLOR_NAME = AccentColor;
				CODE_SIGN_STYLE = Automatic;
				CURRENT_PROJECT_VERSION = 1;
				GENERATE_INFOPLIST_FILE = YES;
				INFOPLIST_FILE = hard/Info.plist;
				INFOPLIST_KEY_UIApplicationSupportsIndirectInputEvents = YES;
				INFOPLIST_KEY_UILaunchStoryboardName = LaunchScreen;
				INFOPLIST_KEY_UIMainStoryboardFile = Main;
				INFOPLIST_KEY_UISupportedInterfaceOrientations_iPad = "UIInterfaceOrientationPortrait UIInterfaceOrientationPortraitUpsideDown UIInterfaceOrientationLandscapeLeft UIInterfaceOrientationLandscapeRight";
				INFOPLIST_KEY_UISupportedInterfaceOrientations_iPhone = "UIInterfaceOrientationPortrait UIInterfaceOrientationLandscapeLeft UIInterfaceOrientationLandscapeRight";
				LD_RUNPATH_SEARCH_PATHS = (
					"$(inherited)",
					"@executable_path/Frameworks",
				);
				MARKETING_VERSION = 1.0;
				PRODUCT_BUNDLE_IDENTIFIER = test.hard;
				PRODUCT_NAME = "$(TARGET_NAME)";
				SWIFT_EMIT_LOC_STRINGS = YES;
				SWIFT_VERSION = 5.0;
				TARGETED_DEVICE_FAMILY = "1,2";
			};
			name = Debug;
		};
		EB5E42712B3561120081A96A /* Release */ = {
			isa = XCBuildConfiguration;
			buildSettings = {
				ASSETCATALOG_COMPILER_APPICON_NAME = AppIcon;
				ASSETCATALOG_COMPILER_GLOBAL_ACCENT_COLOR_NAME = AccentColor;
				CODE_SIGN_STYLE = Automatic;
				CURRENT_PROJECT_VERSION = 1;
				GENERATE_INFOPLIST_FILE = YES;
				INFOPLIST_FILE = hard/Info.plist;
				INFOPLIST_KEY_UIApplicationSupportsIndirectInputEvents = YES;
				INFOPLIST_KEY_UILaunchStoryboardName = LaunchScreen;
				INFOPLIST_KEY_UIMainStoryboardFile = Main;
				INFOPLIST_KEY_UISupportedInterfaceOrientations_iPad = "UIInterfaceOrientationPortrait UIInterfaceOrientationPortraitUpsideDown UIInterfaceOrientationLandscapeLeft UIInterfaceOrientationLandscapeRight";
				INFOPLIST_KEY_UISupportedInterfaceOrientations_iPhone = "UIInterfaceOrientationPortrait UIInterfaceOrientationLandscapeLeft UIInterfaceOrientationLandscapeRight";
				LD_RUNPATH_SEARCH_PATHS = (
					"$(inherited)",
					"@executable_path/Frameworks",
				);
				MARKETING_VERSION = 1.0;
				PRODUCT_BUNDLE_IDENTIFIER = test.hard;
				PRODUCT_NAME = "$(TARGET_NAME)";
				SWIFT_EMIT_LOC_STRINGS = YES;
				SWIFT_VERSION = 5.0;
				TARGETED_DEVICE_FAMILY = "1,2";
			};
			name = Release;
		};
		EB5E42732B3561120081A96A /* Debug */ = {
			isa = XCBuildConfiguration;
			buildSettings = {
				ALWAYS_EMBED_SWIFT_STANDARD_LIBRARIES = YES;
				BUNDLE_LOADER = "$(TEST_HOST)";
				CODE_SIGN_STYLE = Automatic;
				CURRENT_PROJECT_VERSION = 1;
				GENERATE_INFOPLIST_FILE = YES;
				IPHONEOS_DEPLOYMENT_TARGET = 17.0;
				MARKETING_VERSION = 1.0;
				PRODUCT_BUNDLE_IDENTIFIER = test.hardTests;
				PRODUCT_NAME = "$(TARGET_NAME)";
				SWIFT_EMIT_LOC_STRINGS = NO;
				SWIFT_VERSION = 5.0;
				TARGETED_DEVICE_FAMILY = "1,2";
				TEST_HOST = "$(BUILT_PRODUCTS_DIR)/hard.app/$(BUNDLE_EXECUTABLE_FOLDER_PATH)/hard";
			};
			name = Debug;
		};
		EB5E42742B3561120081A96A /* Release */ = {
			isa = XCBuildConfiguration;
			buildSettings = {
				ALWAYS_EMBED_SWIFT_STANDARD_LIBRARIES = YES;
				BUNDLE_LOADER = "$(TEST_HOST)";
				CODE_SIGN_STYLE = Automatic;
				CURRENT_PROJECT_VERSION = 1;
				GENERATE_INFOPLIST_FILE = YES;
				IPHONEOS_DEPLOYMENT_TARGET = 17.0;
				MARKETING_VERSION = 1.0;
				PRODUCT_BUNDLE_IDENTIFIER = test.hardTests;
				PRODUCT_NAME = "$(TARGET_NAME)";
				SWIFT_EMIT_LOC_STRINGS = NO;
				SWIFT_VERSION = 5.0;
				TARGETED_DEVICE_FAMILY = "1,2";
				TEST_HOST = "$(BUILT_PRODUCTS_DIR)/hard.app/$(BUNDLE_EXECUTABLE_FOLDER_PATH)/hard";
			};
			name = Release;
		};
		EB5E42762B3561120081A96A /* Debug */ = {
			isa = XCBuildConfiguration;
			buildSettings = {
				ALWAYS_EMBED_SWIFT_STANDARD_LIBRARIES = YES;
				CODE_SIGN_STYLE = Automatic;
				CURRENT_PROJECT_VERSION = 1;
				GENERATE_INFOPLIST_FILE = YES;
				MARKETING_VERSION = 1.0;
				PRODUCT_BUNDLE_IDENTIFIER = test.hardUITests;
				PRODUCT_NAME = "$(TARGET_NAME)";
				SWIFT_EMIT_LOC_STRINGS = NO;
				SWIFT_VERSION = 5.0;
				TARGETED_DEVICE_FAMILY = "1,2";
				TEST_TARGET_NAME = hard;
			};
			name = Debug;
		};
		EB5E42772B3561120081A96A /* Release */ = {
			isa = XCBuildConfiguration;
			buildSettings = {
				ALWAYS_EMBED_SWIFT_STANDARD_LIBRARIES = YES;
				CODE_SIGN_STYLE = Automatic;
				CURRENT_PROJECT_VERSION = 1;
				GENERATE_INFOPLIST_FILE = YES;
				MARKETING_VERSION = 1.0;
				PRODUCT_BUNDLE_IDENTIFIER = test.hardUITests;
				PRODUCT_NAME = "$(TARGET_NAME)";
				SWIFT_EMIT_LOC_STRINGS = NO;
				SWIFT_VERSION = 5.0;
				TARGETED_DEVICE_FAMILY = "1,2";
				TEST_TARGET_NAME = hard;
			};
			name = Release;
		};
/* End XCBuildConfiguration section */

/* Begin XCConfigurationList section */
		EB5E42402B3561110081A96A /* Build configuration list for PBXProject "hard" */ = {
			isa = XCConfigurationList;
			buildConfigurations = (
				EB5E426D2B3561120081A96A /* Debug */,
				EB5E426E2B3561120081A96A /* Release */,
			);
			defaultConfigurationIsVisible = 0;
			defaultConfigurationName = Release;
		};
		EB5E426F2B3561120081A96A /* Build configuration list for PBXNativeTarget "hard" */ = {
			isa = XCConfigurationList;
			buildConfigurations = (
				EB5E42702B3561120081A96A /* Debug */,
				EB5E42712B3561120081A96A /* Release */,
			);
			defaultConfigurationIsVisible = 0;
			defaultConfigurationName = Release;
		};
		EB5E42722B3561120081A96A /* Build configuration list for PBXNativeTarget "hardTests" */ = {
			isa = XCConfigurationList;
			buildConfigurations = (
				EB5E42732B3561120081A96A /* Debug */,
				EB5E42742B3561120081A96A /* Release */,
			);
			defaultConfigurationIsVisible = 0;
			defaultConfigurationName = Release;
		};
		EB5E42752B3561120081A96A /* Build configuration list for PBXNativeTarget "hardUITests" */ = {
			isa = XCConfigurationList;
			buildConfigurations = (
				EB5E42762B3561120081A96A /* Debug */,
				EB5E42772B3561120081A96A /* Release */,
			);
			defaultConfigurationIsVisible = 0;
			defaultConfigurationName = Release;
		};
/* End XCConfigurationList section */
	};
	rootObject = EB5E423D2B3561110081A96A /* Project object */;
}
